{
  "name": "com.philips.hue.zigbee",
  "version": "1.0.0",
  "lockfileVersion": 1,
  "requires": true,
  "dependencies": {
    "almost-equal": {
      "version": "1.1.0",
      "resolved": "https://registry.npmjs.org/almost-equal/-/almost-equal-1.1.0.tgz",
      "integrity": "sha1-+FHGMROHV5lCdqou++jfowZszN0="
    },
    "color-space": {
      "version": "1.15.0",
      "resolved": "https://registry.npmjs.org/color-space/-/color-space-1.15.0.tgz",
      "integrity": "sha1-JiP1TBGB4P5uHP8Nh+JOsQQPWw4=",
      "requires": {
        "husl": "5.0.3",
        "mumath": "3.3.4"
      }
    },
    "cookie": {
      "version": "0.3.1",
      "resolved": "https://registry.npmjs.org/cookie/-/cookie-0.3.1.tgz",
      "integrity": "sha1-5+Ch+e9DtMi6klxcWpboBtFoc7s="
    },
    "homey-log": {
      "version": "git+https://github.com/athombv/node-homey-log.git#94c0395993f0304e059f446fce5d8dc14d019783",
      "requires": {
        "raven": "0.12.3"
      }
    },
    "homey-meshdriver": {
      "version": "git+https://github.com/athombv/node-homey-meshdriver.git#bf994233b7021692ec33f7ca24d4f2d50b02ed70",
      "requires": {
        "color-space": "1.15.0"
      }
    },
    "husl": {
      "version": "5.0.3",
      "resolved": "https://registry.npmjs.org/husl/-/husl-5.0.3.tgz",
      "integrity": "sha1-7icqr/G+vkDfNYjtAHtw3n5nl4g="
    },
    "json-stringify-safe": {
      "version": "5.0.1",
      "resolved": "https://registry.npmjs.org/json-stringify-safe/-/json-stringify-safe-5.0.1.tgz",
      "integrity": "sha1-Epai1Y/UXxmg9s4B1lcB4sc1tus="
    },
    "lsmod": {
      "version": "1.0.0",
      "resolved": "https://registry.npmjs.org/lsmod/-/lsmod-1.0.0.tgz",
      "integrity": "sha1-mgD3bco26yP6BTUK/htYXUKZ5ks="
    },
    "mumath": {
      "version": "3.3.4",
      "resolved": "https://registry.npmjs.org/mumath/-/mumath-3.3.4.tgz",
      "integrity": "sha1-SNSg8P2MrU57Mglu6JsWGmPTC78=",
      "requires": {
        "almost-equal": "1.1.0"
      }
    },
    "raven": {
      "version": "0.12.3",
      "resolved": "https://registry.npmjs.org/raven/-/raven-0.12.3.tgz",
      "integrity": "sha1-GnDwSiJA0pHYNgO0AWLEutpxMlw=",
      "requires": {
        "cookie": "0.3.1",
        "json-stringify-safe": "5.0.1",
        "lsmod": "1.0.0",
        "stack-trace": "0.0.9",
        "uuid": "3.0.0"
      }
    },
    "stack-trace": {
      "version": "0.0.9",
      "resolved": "https://registry.npmjs.org/stack-trace/-/stack-trace-0.0.9.tgz",
      "integrity": "sha1-qPbq7KkGdMMz58Q5U/J1tFFRBpU="
    },
    "uuid": {
      "version": "3.0.0",
      "resolved": "https://registry.npmjs.org/uuid/-/uuid-3.0.0.tgz",
      "integrity": "sha1-Zyj8BFnEUNeWqZwxg3VpvfZy1yg="
    }
  }
}
