{
  "name": "com.philips.hue.zigbee",
  "version": "2.0.49",
  "lockfileVersion": 3,
  "requires": true,
  "packages": {
    "": {
      "name": "com.philips.hue.zigbee",
      "version": "2.0.49",
      "license": "ISC",
      "dependencies": {
        "color-space": "^1.16.0",
        "cookie": "^0.3.1",
        "homey-log": "git+https://github.com/athombv/node-homey-log.git",
        "homey-zigbeedriver": "^1.6.12",
        "hsluv": "0.0.3",
        "json-stringify-safe": "^5.0.1",
        "lsmod": "^1.0.0",
        "stack-trace": "0.0.10",
        "uuid": "^3.3.2",
        "zigbee-clusters": "^1.5.2"
      },
      "devDependencies": {}
    },
    "node_modules/@types/tinycolor2": {
      "version": "1.4.3",
      "resolved": "https://registry.npmjs.org/@types/tinycolor2/-/tinycolor2-1.4.3.tgz",
      "integrity": "sha512-Kf1w9NE5HEgGxCRyIcRXR/ZYtDv0V8FVPtYHwLxl0O+maGX0erE77pQlD0gpP+/KByMZ87mOA79SjifhSB3PjQ=="
    },
    "node_modules/almost-equal": {
      "version": "1.1.0",
      "resolved": "https://registry.npmjs.org/almost-equal/-/almost-equal-1.1.0.tgz",
      "integrity": "sha1-+FHGMROHV5lCdqou++jfowZszN0="
    },
    "node_modules/color-space": {
      "version": "1.16.0",
      "resolved": "https://registry.npmjs.org/color-space/-/color-space-1.16.0.tgz",
      "integrity": "sha512-A6WMiFzunQ8KEPFmj02OnnoUnqhmSaHaZ/0LVFcPTdlvm8+3aMJ5x1HRHy3bDHPkovkf4sS0f4wsVvwk71fKkg==",
      "dependencies": {
        "hsluv": "^0.0.3",
        "mumath": "^3.3.4"
      }
    },
    "node_modules/cookie": {
      "version": "0.3.1",
      "resolved": "https://registry.npmjs.org/cookie/-/cookie-0.3.1.tgz",
      "integrity": "sha1-5+Ch+e9DtMi6klxcWpboBtFoc7s=",
      "engines": {
        "node": ">= 0.6"
      }
    },
    "node_modules/debug": {
      "version": "4.3.1",
      "resolved": "https://registry.npmjs.org/debug/-/debug-4.3.1.tgz",
      "integrity": "sha512-doEwdvm4PCeK4K3RQN2ZC2BYUBaxwLARCqZmMjtF8a51J2Rb0xpVloFRnCODwqjpwnAoao4pelN8l3RJdv3gRQ==",
      "dependencies": {
        "ms": "2.1.2"
      },
      "engines": {
        "node": ">=6.0"
      },
      "peerDependenciesMeta": {
        "supports-color": {
          "optional": true
        }
      }
    },
    "node_modules/homey-log": {
      "version": "1.0.4",
      "resolved": "git+ssh://git@github.com/athombv/node-homey-log.git#9f26bbc96afd62eea54f4786d8209649cd7db5fa",
      "integrity": "sha512-uxHMLhWEppw+8X2oWomuN6nTzWCIbCIshDuxnKk7Hlk0JYECCnKy7LJGUJfuwp8RSJVjsVIRoPJktSU4M1YWRw==",
      "license": "ISC",
      "dependencies": {
        "raven": "^0.12.3"
      }
    },
    "node_modules/homey-zigbeedriver": {
      "version": "1.6.12",
      "resolved": "https://registry.npmjs.org/homey-zigbeedriver/-/homey-zigbeedriver-1.6.12.tgz",
      "integrity": "sha512-kKHqsWzc+DsnUr2vrEULAzss7qCvqo+44FQTYYwc/D6m83mkaLrQC696zNf+eurCo/M2XTJmyPctldJLreHUyQ==",
      "dependencies": {
        "color-space": "^1.16.0",
        "tinygradient": "^1.1.1"
      },
      "engines": {
        "node": ">=12"
      },
      "peerDependencies": {
        "zigbee-clusters": "^1.5.2"
      }
    },
    "node_modules/hsluv": {
      "version": "0.0.3",
      "resolved": "https://registry.npmjs.org/hsluv/-/hsluv-0.0.3.tgz",
      "integrity": "sha1-gpEH2vtKn4tSoYCe0C4JHq3mdUw="
    },
    "node_modules/json-stringify-safe": {
      "version": "5.0.1",
      "resolved": "https://registry.npmjs.org/json-stringify-safe/-/json-stringify-safe-5.0.1.tgz",
      "integrity": "sha1-Epai1Y/UXxmg9s4B1lcB4sc1tus="
    },
    "node_modules/lsmod": {
      "version": "1.0.0",
      "resolved": "https://registry.npmjs.org/lsmod/-/lsmod-1.0.0.tgz",
      "integrity": "sha1-mgD3bco26yP6BTUK/htYXUKZ5ks="
    },
    "node_modules/ms": {
      "version": "2.1.2",
      "resolved": "https://registry.npmjs.org/ms/-/ms-2.1.2.tgz",
      "integrity": "sha512-sGkPx+VjMtmA6MX27oA4FBFELFCZZ4S4XqeGOXCv68tT+jb3vk/RyaKWP0PTKyWtmLSM0b+adUTEvbs1PEaH2w=="
    },
    "node_modules/mumath": {
      "version": "3.3.4",
      "resolved": "https://registry.npmjs.org/mumath/-/mumath-3.3.4.tgz",
      "integrity": "sha1-SNSg8P2MrU57Mglu6JsWGmPTC78=",
      "deprecated": "Redundant dependency in your project.",
      "dependencies": {
        "almost-equal": "^1.1.0"
      }
    },
    "node_modules/raven": {
      "version": "0.12.3",
      "resolved": "http://registry.npmjs.org/raven/-/raven-0.12.3.tgz",
      "integrity": "sha1-GnDwSiJA0pHYNgO0AWLEutpxMlw=",
      "deprecated": "Please upgrade to @sentry/node. See the migration guide https://bit.ly/3ybOlo7",
      "dependencies": {
        "cookie": "0.3.1",
        "json-stringify-safe": "5.0.1",
        "lsmod": "1.0.0",
        "stack-trace": "0.0.9",
        "uuid": "3.0.0"
      },
      "bin": {
        "raven": "bin/raven"
      },
      "engines": {
        "node": ">= 0.8.0"
      }
    },
    "node_modules/raven/node_modules/stack-trace": {
      "version": "0.0.9",
      "resolved": "https://registry.npmjs.org/stack-trace/-/stack-trace-0.0.9.tgz",
      "integrity": "sha1-qPbq7KkGdMMz58Q5U/J1tFFRBpU=",
      "engines": {
        "node": "*"
      }
    },
    "node_modules/raven/node_modules/uuid": {
      "version": "3.0.0",
      "resolved": "http://registry.npmjs.org/uuid/-/uuid-3.0.0.tgz",
      "integrity": "sha1-Zyj8BFnEUNeWqZwxg3VpvfZy1yg=",
      "deprecated": "Please upgrade  to version 7 or higher.  Older versions may use Math.random() in certain circumstances, which is known to be problematic.  See https://v8.dev/blog/math-random for details.",
      "bin": {
        "uuid": "bin/uuid"
      }
    },
    "node_modules/stack-trace": {
      "version": "0.0.10",
      "resolved": "https://registry.npmjs.org/stack-trace/-/stack-trace-0.0.10.tgz",
      "integrity": "sha1-VHxws0fo0ytOEI6hoqFZ5f3eGcA=",
      "engines": {
        "node": "*"
      }
    },
    "node_modules/tinycolor2": {
      "version": "1.4.2",
      "resolved": "https://registry.npmjs.org/tinycolor2/-/tinycolor2-1.4.2.tgz",
      "integrity": "sha512-vJhccZPs965sV/L2sU4oRQVAos0pQXwsvTLkWYdqJ+a8Q5kPFzJTuOFwy7UniPli44NKQGAglksjvOcpo95aZA==",
      "engines": {
        "node": "*"
      }
    },
    "node_modules/tinygradient": {
      "version": "1.1.5",
      "resolved": "https://registry.npmjs.org/tinygradient/-/tinygradient-1.1.5.tgz",
      "integrity": "sha512-8nIfc2vgQ4TeLnk2lFj4tRLvvJwEfQuabdsmvDdQPT0xlk9TaNtpGd6nNRxXoK6vQhN6RSzj+Cnp5tTQmpxmbw==",
      "dependencies": {
        "@types/tinycolor2": "^1.4.0",
        "tinycolor2": "^1.0.0"
      }
    },
    "node_modules/uuid": {
      "version": "3.3.2",
      "resolved": "https://registry.npmjs.org/uuid/-/uuid-3.3.2.tgz",
      "integrity": "sha512-yXJmeNaw3DnnKAOKJE51sL/ZaYfWJRl1pK9dr19YFCu0ObS231AB1/LbqTKRAQ5kw8A90rA6fr4riOUpTZvQZA==",
      "deprecated": "Please upgrade  to version 7 or higher.  Older versions may use Math.random() in certain circumstances, which is known to be problematic.  See https://v8.dev/blog/math-random for details.",
      "bin": {
        "uuid": "bin/uuid"
      }
    },
    "node_modules/zigbee-clusters": {
      "version": "1.5.2",
      "resolved": "https://registry.npmjs.org/zigbee-clusters/-/zigbee-clusters-1.5.2.tgz",
      "integrity": "sha512-SvD0qBn0kK2d3IjmATCCiTwObMKbnCt2a53wD7PsQufR0bBoFrs2zuS8bd49CnkMG/VxuA4JYbZ/y39iZMWvOQ==",
      "dependencies": {
        "@athombv/data-types": "^1.0.6",
        "debug": "^4.1.1"
      },
      "engines": {
        "node": ">=12"
      }
    },
    "node_modules/zigbee-clusters/node_modules/@athombv/data-types": {
      "version": "1.0.8",
      "resolved": "https://registry.npmjs.org/@athombv/data-types/-/data-types-1.0.8.tgz",
      "integrity": "sha512-LtVaUw1tzvZ6fpY4mEBzyNJPH40uXuxYO0GfcP9pezlC+xSYmnvynb9POv1m3fDIoJtWHWOXj7MDb5A3RgVRxQ=="
    }
  }
}
